// !$*UTF8*$!
{
	archiveVersion = 1;
	classes = {
	};
	objectVersion = 56;
	objects = {

/* Begin PBXBuildFile section */
		83A8476D29EEE1210016833C /* AppDelegate.swift in Sources */ = {isa = PBXBuildFile; fileRef = 83A8476C29EEE1210016833C /* AppDelegate.swift */; };
		83A8476F29EEE1210016833C /* SceneDelegate.swift in Sources */ = {isa = PBXBuildFile; fileRef = 83A8476E29EEE1210016833C /* SceneDelegate.swift */; };
		83A8477129EEE1210016833C /* MusicViewController.swift in Sources */ = {isa = PBXBuildFile; fileRef = 83A8477029EEE1210016833C /* MusicViewController.swift */; };
		83A8477629EEE1230016833C /* Assets.xcassets in Resources */ = {isa = PBXBuildFile; fileRef = 83A8477529EEE1230016833C /* Assets.xcassets */; };
		83A8477929EEE1230016833C /* LaunchScreen.storyboard in Resources */ = {isa = PBXBuildFile; fileRef = 83A8477729EEE1230016833C /* LaunchScreen.storyboard */; };
		83A8478529EEE2C90016833C /* CommunicationManager.swift in Sources */ = {isa = PBXBuildFile; fileRef = 83A8478429EEE2C90016833C /* CommunicationManager.swift */; };
		83A8478829EEE6A70016833C /* ActivityIndicatorView.swift in Sources */ = {isa = PBXBuildFile; fileRef = 83A8478729EEE6A70016833C /* ActivityIndicatorView.swift */; };
		83A8478A29EEE8AF0016833C /* Extensions.swift in Sources */ = {isa = PBXBuildFile; fileRef = 83A8478929EEE8AF0016833C /* Extensions.swift */; };
		83A8478D29EEEB120016833C /* MusicModel.swift in Sources */ = {isa = PBXBuildFile; fileRef = 83A8478C29EEEB120016833C /* MusicModel.swift */; };
		83A8478F29EF28080016833C /* Constants.swift in Sources */ = {isa = PBXBuildFile; fileRef = 83A8478E29EF28080016833C /* Constants.swift */; };
		83A8479229EF28DC0016833C /* MusicRemoteDataSource.swift in Sources */ = {isa = PBXBuildFile; fileRef = 83A8479129EF28DC0016833C /* MusicRemoteDataSource.swift */; };
		83A8479629EF35690016833C /* MusicLayoutViewModel.swift in Sources */ = {isa = PBXBuildFile; fileRef = 83A8479529EF35690016833C /* MusicLayoutViewModel.swift */; };
		83A8479829EF38970016833C /* MusicViewModel.swift in Sources */ = {isa = PBXBuildFile; fileRef = 83A8479729EF38970016833C /* MusicViewModel.swift */; };
		83A8479B29EFDE880016833C /* MusicTableViewCell.swift in Sources */ = {isa = PBXBuildFile; fileRef = 83A8479A29EFDE880016833C /* MusicTableViewCell.swift */; };
		83A8479D29EFE54A0016833C /* Styles.swift in Sources */ = {isa = PBXBuildFile; fileRef = 83A8479C29EFE54A0016833C /* Styles.swift */; };
		83A8479F29EFEC040016833C /* Enums.swift in Sources */ = {isa = PBXBuildFile; fileRef = 83A8479E29EFEC040016833C /* Enums.swift */; };
		83A847A929F00C9A0016833C /* MusicTests.swift in Sources */ = {isa = PBXBuildFile; fileRef = 83A847A829F00C9A0016833C /* MusicTests.swift */; };
		83A847B129F00CD40016833C /* musics.json in Resources */ = {isa = PBXBuildFile; fileRef = 83A847B029F00CD40016833C /* musics.json */; };
		83A847B329F00D1E0016833C /* MusicAPITests.swift in Sources */ = {isa = PBXBuildFile; fileRef = 83A847B229F00D1E0016833C /* MusicAPITests.swift */; };
/* End PBXBuildFile section */

/* Begin PBXContainerItemProxy section */
		83A847AA29F00C9A0016833C /* PBXContainerItemProxy */ = {
			isa = PBXContainerItemProxy;
			containerPortal = 83A8476129EEE1210016833C /* Project object */;
			proxyType = 1;
			remoteGlobalIDString = 83A8476829EEE1210016833C;
			remoteInfo = Music;
		};
/* End PBXContainerItemProxy section */

/* Begin PBXFileReference section */
		83A8476929EEE1210016833C /* Music.app */ = {isa = PBXFileReference; explicitFileType = wrapper.application; includeInIndex = 0; path = Music.app; sourceTree = BUILT_PRODUCTS_DIR; };
		83A8476C29EEE1210016833C /* AppDelegate.swift */ = {isa = PBXFileReference; lastKnownFileType = sourcecode.swift; path = AppDelegate.swift; sourceTree = "<group>"; };
		83A8476E29EEE1210016833C /* SceneDelegate.swift */ = {isa = PBXFileReference; lastKnownFileType = sourcecode.swift; path = SceneDelegate.swift; sourceTree = "<group>"; };
		83A8477029EEE1210016833C /* MusicViewController.swift */ = {isa = PBXFileReference; lastKnownFileType = sourcecode.swift; path = MusicViewController.swift; sourceTree = "<group>"; };
		83A8477529EEE1230016833C /* Assets.xcassets */ = {isa = PBXFileReference; lastKnownFileType = folder.assetcatalog; path = Assets.xcassets; sourceTree = "<group>"; };
		83A8477829EEE1230016833C /* Base */ = {isa = PBXFileReference; lastKnownFileType = file.storyboard; name = Base; path = Base.lproj/LaunchScreen.storyboard; sourceTree = "<group>"; };
		83A8477A29EEE1230016833C /* Info.plist */ = {isa = PBXFileReference; lastKnownFileType = text.plist.xml; path = Info.plist; sourceTree = "<group>"; };
		83A8478429EEE2C90016833C /* CommunicationManager.swift */ = {isa = PBXFileReference; lastKnownFileType = sourcecode.swift; path = CommunicationManager.swift; sourceTree = "<group>"; };
		83A8478729EEE6A70016833C /* ActivityIndicatorView.swift */ = {isa = PBXFileReference; lastKnownFileType = sourcecode.swift; path = ActivityIndicatorView.swift; sourceTree = "<group>"; };
		83A8478929EEE8AF0016833C /* Extensions.swift */ = {isa = PBXFileReference; lastKnownFileType = sourcecode.swift; path = Extensions.swift; sourceTree = "<group>"; };
		83A8478C29EEEB120016833C /* MusicModel.swift */ = {isa = PBXFileReference; lastKnownFileType = sourcecode.swift; path = MusicModel.swift; sourceTree = "<group>"; };
		83A8478E29EF28080016833C /* Constants.swift */ = {isa = PBXFileReference; lastKnownFileType = sourcecode.swift; path = Constants.swift; sourceTree = "<group>"; };
		83A8479129EF28DC0016833C /* MusicRemoteDataSource.swift */ = {isa = PBXFileReference; lastKnownFileType = sourcecode.swift; path = MusicRemoteDataSource.swift; sourceTree = "<group>"; };
		83A8479529EF35690016833C /* MusicLayoutViewModel.swift */ = {isa = PBXFileReference; lastKnownFileType = sourcecode.swift; path = MusicLayoutViewModel.swift; sourceTree = "<group>"; };
		83A8479729EF38970016833C /* MusicViewModel.swift */ = {isa = PBXFileReference; lastKnownFileType = sourcecode.swift; path = MusicViewModel.swift; sourceTree = "<group>"; };
		83A8479A29EFDE880016833C /* MusicTableViewCell.swift */ = {isa = PBXFileReference; lastKnownFileType = sourcecode.swift; path = MusicTableViewCell.swift; sourceTree = "<group>"; };
		83A8479C29EFE54A0016833C /* Styles.swift */ = {isa = PBXFileReference; lastKnownFileType = sourcecode.swift; path = Styles.swift; sourceTree = "<group>"; };
		83A8479E29EFEC040016833C /* Enums.swift */ = {isa = PBXFileReference; lastKnownFileType = sourcecode.swift; path = Enums.swift; sourceTree = "<group>"; };
		83A847A629F00C9A0016833C /* MusicTests.xctest */ = {isa = PBXFileReference; explicitFileType = wrapper.cfbundle; includeInIndex = 0; path = MusicTests.xctest; sourceTree = BUILT_PRODUCTS_DIR; };
		83A847A829F00C9A0016833C /* MusicTests.swift */ = {isa = PBXFileReference; lastKnownFileType = sourcecode.swift; path = MusicTests.swift; sourceTree = "<group>"; };
		83A847B029F00CD40016833C /* musics.json */ = {isa = PBXFileReference; fileEncoding = 4; lastKnownFileType = text.json; path = musics.json; sourceTree = "<group>"; };
		83A847B229F00D1E0016833C /* MusicAPITests.swift */ = {isa = PBXFileReference; lastKnownFileType = sourcecode.swift; path = MusicAPITests.swift; sourceTree = "<group>"; };
/* End PBXFileReference section */

/* Begin PBXFrameworksBuildPhase section */
		83A8476629EEE1210016833C /* Frameworks */ = {
			isa = PBXFrameworksBuildPhase;
			buildActionMask = 2147483647;
			files = (
			);
			runOnlyForDeploymentPostprocessing = 0;
		};
		83A847A329F00C9A0016833C /* Frameworks */ = {
			isa = PBXFrameworksBuildPhase;
			buildActionMask = 2147483647;
			files = (
			);
			runOnlyForDeploymentPostprocessing = 0;
		};
/* End PBXFrameworksBuildPhase section */

/* Begin PBXGroup section */
		83A8476029EEE1210016833C = {
			isa = PBXGroup;
			children = (
				83A8476B29EEE1210016833C /* Music */,
				83A847A729F00C9A0016833C /* MusicTests */,
				83A8476A29EEE1210016833C /* Products */,
			);
			sourceTree = "<group>";
		};
		83A8476A29EEE1210016833C /* Products */ = {
			isa = PBXGroup;
			children = (
				83A8476929EEE1210016833C /* Music.app */,
				83A847A629F00C9A0016833C /* MusicTests.xctest */,
			);
			name = Products;
			sourceTree = "<group>";
		};
		83A8476B29EEE1210016833C /* Music */ = {
			isa = PBXGroup;
			children = (
				83A8476C29EEE1210016833C /* AppDelegate.swift */,
				83A8476E29EEE1210016833C /* SceneDelegate.swift */,
				83A8477529EEE1230016833C /* Assets.xcassets */,
				83A8477729EEE1230016833C /* LaunchScreen.storyboard */,
				83A8477A29EEE1230016833C /* Info.plist */,
				83A8478129EEE2510016833C /* Presentation */,
				83A8478229EEE25A0016833C /* Business Logic */,
				83A8478029EEE23F0016833C /* Core */,
			);
			path = Music;
			sourceTree = "<group>";
		};
		83A8478029EEE23F0016833C /* Core */ = {
			isa = PBXGroup;
			children = (
				83A8478629EEE56F0016833C /* AUX */,
				83A8478329EEE2B80016833C /* Communication */,
			);
			path = Core;
			sourceTree = "<group>";
		};
		83A8478129EEE2510016833C /* Presentation */ = {
			isa = PBXGroup;
			children = (
				83A8479929EFDE730016833C /* Cell */,
				83A8477029EEE1210016833C /* MusicViewController.swift */,
			);
			path = Presentation;
			sourceTree = "<group>";
		};
		83A8478229EEE25A0016833C /* Business Logic */ = {
			isa = PBXGroup;
			children = (
				83A8479429EF35530016833C /* ViewModel */,
				83A8479029EF28B90016833C /* DataSource */,
				83A8478B29EEEAED0016833C /* Model */,
			);
			path = "Business Logic";
			sourceTree = "<group>";
		};
		83A8478329EEE2B80016833C /* Communication */ = {
			isa = PBXGroup;
			children = (
				83A8478429EEE2C90016833C /* CommunicationManager.swift */,
			);
			path = Communication;
			sourceTree = "<group>";
		};
		83A8478629EEE56F0016833C /* AUX */ = {
			isa = PBXGroup;
			children = (
				83A8478729EEE6A70016833C /* ActivityIndicatorView.swift */,
				83A8478929EEE8AF0016833C /* Extensions.swift */,
				83A8478E29EF28080016833C /* Constants.swift */,
				83A8479C29EFE54A0016833C /* Styles.swift */,
				83A8479E29EFEC040016833C /* Enums.swift */,
			);
			path = AUX;
			sourceTree = "<group>";
		};
		83A8478B29EEEAED0016833C /* Model */ = {
			isa = PBXGroup;
			children = (
				83A8478C29EEEB120016833C /* MusicModel.swift */,
			);
			path = Model;
			sourceTree = "<group>";
		};
		83A8479029EF28B90016833C /* DataSource */ = {
			isa = PBXGroup;
			children = (
				83A8479129EF28DC0016833C /* MusicRemoteDataSource.swift */,
			);
			path = DataSource;
			sourceTree = "<group>";
		};
		83A8479429EF35530016833C /* ViewModel */ = {
			isa = PBXGroup;
			children = (
				83A8479529EF35690016833C /* MusicLayoutViewModel.swift */,
				83A8479729EF38970016833C /* MusicViewModel.swift */,
			);
			path = ViewModel;
			sourceTree = "<group>";
		};
		83A8479929EFDE730016833C /* Cell */ = {
			isa = PBXGroup;
			children = (
				83A8479A29EFDE880016833C /* MusicTableViewCell.swift */,
			);
			path = Cell;
			sourceTree = "<group>";
		};
		83A847A729F00C9A0016833C /* MusicTests */ = {
			isa = PBXGroup;
			children = (
				83A847AF29F00CA90016833C /* Mock */,
				83A847A829F00C9A0016833C /* MusicTests.swift */,
				83A847B229F00D1E0016833C /* MusicAPITests.swift */,
			);
			path = MusicTests;
			sourceTree = "<group>";
		};
		83A847AF29F00CA90016833C /* Mock */ = {
			isa = PBXGroup;
			children = (
				83A847B029F00CD40016833C /* musics.json */,
			);
			path = Mock;
			sourceTree = "<group>";
		};
/* End PBXGroup section */

/* Begin PBXNativeTarget section */
		83A8476829EEE1210016833C /* Music */ = {
			isa = PBXNativeTarget;
			buildConfigurationList = 83A8477D29EEE1230016833C /* Build configuration list for PBXNativeTarget "Music" */;
			buildPhases = (
				83A8476529EEE1210016833C /* Sources */,
				83A8476629EEE1210016833C /* Frameworks */,
				83A8476729EEE1210016833C /* Resources */,
			);
			buildRules = (
			);
			dependencies = (
			);
			name = Music;
			productName = Music;
			productReference = 83A8476929EEE1210016833C /* Music.app */;
			productType = "com.apple.product-type.application";
		};
		83A847A529F00C9A0016833C /* MusicTests */ = {
			isa = PBXNativeTarget;
			buildConfigurationList = 83A847AE29F00C9A0016833C /* Build configuration list for PBXNativeTarget "MusicTests" */;
			buildPhases = (
				83A847A229F00C9A0016833C /* Sources */,
				83A847A329F00C9A0016833C /* Frameworks */,
				83A847A429F00C9A0016833C /* Resources */,
			);
			buildRules = (
			);
			dependencies = (
				83A847AB29F00C9A0016833C /* PBXTargetDependency */,
			);
			name = MusicTests;
			productName = MusicTests;
			productReference = 83A847A629F00C9A0016833C /* MusicTests.xctest */;
			productType = "com.apple.product-type.bundle.unit-test";
		};
/* End PBXNativeTarget section */

/* Begin PBXProject section */
		83A8476129EEE1210016833C /* Project object */ = {
			isa = PBXProject;
			attributes = {
				BuildIndependentTargetsInParallel = 1;
				LastSwiftUpdateCheck = 1420;
				LastUpgradeCheck = 1420;
				TargetAttributes = {
					83A8476829EEE1210016833C = {
						CreatedOnToolsVersion = 14.2;
					};
					83A847A529F00C9A0016833C = {
						CreatedOnToolsVersion = 14.2;
						TestTargetID = 83A8476829EEE1210016833C;
					};
				};
			};
			buildConfigurationList = 83A8476429EEE1210016833C /* Build configuration list for PBXProject "Music" */;
			compatibilityVersion = "Xcode 14.0";
			developmentRegion = en;
			hasScannedForEncodings = 0;
			knownRegions = (
				en,
				Base,
			);
			mainGroup = 83A8476029EEE1210016833C;
			productRefGroup = 83A8476A29EEE1210016833C /* Products */;
			projectDirPath = "";
			projectRoot = "";
			targets = (
				83A8476829EEE1210016833C /* Music */,
				83A847A529F00C9A0016833C /* MusicTests */,
			);
		};
/* End PBXProject section */

/* Begin PBXResourcesBuildPhase section */
		83A8476729EEE1210016833C /* Resources */ = {
			isa = PBXResourcesBuildPhase;
			buildActionMask = 2147483647;
			files = (
				83A8477929EEE1230016833C /* LaunchScreen.storyboard in Resources */,
				83A8477629EEE1230016833C /* Assets.xcassets in Resources */,
			);
			runOnlyForDeploymentPostprocessing = 0;
		};
		83A847A429F00C9A0016833C /* Resources */ = {
			isa = PBXResourcesBuildPhase;
			buildActionMask = 2147483647;
			files = (
				83A847B129F00CD40016833C /* musics.json in Resources */,
			);
			runOnlyForDeploymentPostprocessing = 0;
		};
/* End PBXResourcesBuildPhase section */

/* Begin PBXSourcesBuildPhase section */
		83A8476529EEE1210016833C /* Sources */ = {
			isa = PBXSourcesBuildPhase;
			buildActionMask = 2147483647;
			files = (
				83A8477129EEE1210016833C /* MusicViewController.swift in Sources */,
				83A8478D29EEEB120016833C /* MusicModel.swift in Sources */,
				83A8479D29EFE54A0016833C /* Styles.swift in Sources */,
				83A8478A29EEE8AF0016833C /* Extensions.swift in Sources */,
				83A8476D29EEE1210016833C /* AppDelegate.swift in Sources */,
				83A8479229EF28DC0016833C /* MusicRemoteDataSource.swift in Sources */,
				83A8478529EEE2C90016833C /* CommunicationManager.swift in Sources */,
				83A8479629EF35690016833C /* MusicLayoutViewModel.swift in Sources */,
				83A8476F29EEE1210016833C /* SceneDelegate.swift in Sources */,
				83A8479F29EFEC040016833C /* Enums.swift in Sources */,
				83A8478829EEE6A70016833C /* ActivityIndicatorView.swift in Sources */,
				83A8479829EF38970016833C /* MusicViewModel.swift in Sources */,
				83A8478F29EF28080016833C /* Constants.swift in Sources */,
				83A8479B29EFDE880016833C /* MusicTableViewCell.swift in Sources */,
			);
			runOnlyForDeploymentPostprocessing = 0;
		};
		83A847A229F00C9A0016833C /* Sources */ = {
			isa = PBXSourcesBuildPhase;
			buildActionMask = 2147483647;
			files = (
				83A847B329F00D1E0016833C /* MusicAPITests.swift in Sources */,
				83A847A929F00C9A0016833C /* MusicTests.swift in Sources */,
			);
			runOnlyForDeploymentPostprocessing = 0;
		};
/* End PBXSourcesBuildPhase section */

/* Begin PBXTargetDependency section */
		83A847AB29F00C9A0016833C /* PBXTargetDependency */ = {
			isa = PBXTargetDependency;
			target = 83A8476829EEE1210016833C /* Music */;
			targetProxy = 83A847AA29F00C9A0016833C /* PBXContainerItemProxy */;
		};
/* End PBXTargetDependency section */

/* Begin PBXVariantGroup section */
		83A8477729EEE1230016833C /* LaunchScreen.storyboard */ = {
			isa = PBXVariantGroup;
			children = (
				83A8477829EEE1230016833C /* Base */,
			);
			name = LaunchScreen.storyboard;
			sourceTree = "<group>";
		};
/* End PBXVariantGroup section */

/* Begin XCBuildConfiguration section */
		83A8477B29EEE1230016833C /* Debug */ = {
			isa = XCBuildConfiguration;
			buildSettings = {
				ALWAYS_SEARCH_USER_PATHS = NO;
				CLANG_ANALYZER_NONNULL = YES;
				CLANG_ANALYZER_NUMBER_OBJECT_CONVERSION = YES_AGGRESSIVE;
				CLANG_CXX_LANGUAGE_STANDARD = "gnu++20";
				CLANG_ENABLE_MODULES = YES;
				CLANG_ENABLE_OBJC_ARC = YES;
				CLANG_ENABLE_OBJC_WEAK = YES;
				CLANG_WARN_BLOCK_CAPTURE_AUTORELEASING = YES;
				CLANG_WARN_BOOL_CONVERSION = YES;
				CLANG_WARN_COMMA = YES;
				CLANG_WARN_CONSTANT_CONVERSION = YES;
				CLANG_WARN_DEPRECATED_OBJC_IMPLEMENTATIONS = YES;
				CLANG_WARN_DIRECT_OBJC_ISA_USAGE = YES_ERROR;
				CLANG_WARN_DOCUMENTATION_COMMENTS = YES;
				CLANG_WARN_EMPTY_BODY = YES;
				CLANG_WARN_ENUM_CONVERSION = YES;
				CLANG_WARN_INFINITE_RECURSION = YES;
				CLANG_WARN_INT_CONVERSION = YES;
				CLANG_WARN_NON_LITERAL_NULL_CONVERSION = YES;
				CLANG_WARN_OBJC_IMPLICIT_RETAIN_SELF = YES;
				CLANG_WARN_OBJC_LITERAL_CONVERSION = YES;
				CLANG_WARN_OBJC_ROOT_CLASS = YES_ERROR;
				CLANG_WARN_QUOTED_INCLUDE_IN_FRAMEWORK_HEADER = YES;
				CLANG_WARN_RANGE_LOOP_ANALYSIS = YES;
				CLANG_WARN_STRICT_PROTOTYPES = YES;
				CLANG_WARN_SUSPICIOUS_MOVE = YES;
				CLANG_WARN_UNGUARDED_AVAILABILITY = YES_AGGRESSIVE;
				CLANG_WARN_UNREACHABLE_CODE = YES;
				CLANG_WARN__DUPLICATE_METHOD_MATCH = YES;
				COPY_PHASE_STRIP = NO;
				DEBUG_INFORMATION_FORMAT = dwarf;
				ENABLE_STRICT_OBJC_MSGSEND = YES;
				ENABLE_TESTABILITY = YES;
				GCC_C_LANGUAGE_STANDARD = gnu11;
				GCC_DYNAMIC_NO_PIC = NO;
				GCC_NO_COMMON_BLOCKS = YES;
				GCC_OPTIMIZATION_LEVEL = 0;
				GCC_PREPROCESSOR_DEFINITIONS = (
					"DEBUG=1",
					"$(inherited)",
				);
				GCC_WARN_64_TO_32_BIT_CONVERSION = YES;
				GCC_WARN_ABOUT_RETURN_TYPE = YES_ERROR;
				GCC_WARN_UNDECLARED_SELECTOR = YES;
				GCC_WARN_UNINITIALIZED_AUTOS = YES_AGGRESSIVE;
				GCC_WARN_UNUSED_FUNCTION = YES;
				GCC_WARN_UNUSED_VARIABLE = YES;
				IPHONEOS_DEPLOYMENT_TARGET = 16.2;
				MTL_ENABLE_DEBUG_INFO = INCLUDE_SOURCE;
				MTL_FAST_MATH = YES;
				ONLY_ACTIVE_ARCH = YES;
				SDKROOT = iphoneos;
				SWIFT_ACTIVE_COMPILATION_CONDITIONS = DEBUG;
				SWIFT_OPTIMIZATION_LEVEL = "-Onone";
			};
			name = Debug;
		};
		83A8477C29EEE1230016833C /* Release */ = {
			isa = XCBuildConfiguration;
			buildSettings = {
				ALWAYS_SEARCH_USER_PATHS = NO;
				CLANG_ANALYZER_NONNULL = YES;
				CLANG_ANALYZER_NUMBER_OBJECT_CONVERSION = YES_AGGRESSIVE;
				CLANG_CXX_LANGUAGE_STANDARD = "gnu++20";
				CLANG_ENABLE_MODULES = YES;
				CLANG_ENABLE_OBJC_ARC = YES;
				CLANG_ENABLE_OBJC_WEAK = YES;
				CLANG_WARN_BLOCK_CAPTURE_AUTORELEASING = YES;
				CLANG_WARN_BOOL_CONVERSION = YES;
				CLANG_WARN_COMMA = YES;
				CLANG_WARN_CONSTANT_CONVERSION = YES;
				CLANG_WARN_DEPRECATED_OBJC_IMPLEMENTATIONS = YES;
				CLANG_WARN_DIRECT_OBJC_ISA_USAGE = YES_ERROR;
				CLANG_WARN_DOCUMENTATION_COMMENTS = YES;
				CLANG_WARN_EMPTY_BODY = YES;
				CLANG_WARN_ENUM_CONVERSION = YES;
				CLANG_WARN_INFINITE_RECURSION = YES;
				CLANG_WARN_INT_CONVERSION = YES;
				CLANG_WARN_NON_LITERAL_NULL_CONVERSION = YES;
				CLANG_WARN_OBJC_IMPLICIT_RETAIN_SELF = YES;
				CLANG_WARN_OBJC_LITERAL_CONVERSION = YES;
				CLANG_WARN_OBJC_ROOT_CLASS = YES_ERROR;
				CLANG_WARN_QUOTED_INCLUDE_IN_FRAMEWORK_HEADER = YES;
				CLANG_WARN_RANGE_LOOP_ANALYSIS = YES;
				CLANG_WARN_STRICT_PROTOTYPES = YES;
				CLANG_WARN_SUSPICIOUS_MOVE = YES;
				CLANG_WARN_UNGUARDED_AVAILABILITY = YES_AGGRESSIVE;
				CLANG_WARN_UNREACHABLE_CODE = YES;
				CLANG_WARN__DUPLICATE_METHOD_MATCH = YES;
				COPY_PHASE_STRIP = NO;
				DEBUG_INFORMATION_FORMAT = "dwarf-with-dsym";
				ENABLE_NS_ASSERTIONS = NO;
				ENABLE_STRICT_OBJC_MSGSEND = YES;
				GCC_C_LANGUAGE_STANDARD = gnu11;
				GCC_NO_COMMON_BLOCKS = YES;
				GCC_WARN_64_TO_32_BIT_CONVERSION = YES;
				GCC_WARN_ABOUT_RETURN_TYPE = YES_ERROR;
				GCC_WARN_UNDECLARED_SELECTOR = YES;
				GCC_WARN_UNINITIALIZED_AUTOS = YES_AGGRESSIVE;
				GCC_WARN_UNUSED_FUNCTION = YES;
				GCC_WARN_UNUSED_VARIABLE = YES;
				IPHONEOS_DEPLOYMENT_TARGET = 16.2;
				MTL_ENABLE_DEBUG_INFO = NO;
				MTL_FAST_MATH = YES;
				SDKROOT = iphoneos;
				SWIFT_COMPILATION_MODE = wholemodule;
				SWIFT_OPTIMIZATION_LEVEL = "-O";
				VALIDATE_PRODUCT = YES;
			};
			name = Release;
		};
		83A8477E29EEE1230016833C /* Debug */ = {
			isa = XCBuildConfiguration;
			buildSettings = {
				ASSETCATALOG_COMPILER_APPICON_NAME = AppIcon;
				ASSETCATALOG_COMPILER_GLOBAL_ACCENT_COLOR_NAME = AccentColor;
				CODE_SIGN_STYLE = Automatic;
				CURRENT_PROJECT_VERSION = 1;
				GENERATE_INFOPLIST_FILE = YES;
				INFOPLIST_FILE = Music/Info.plist;
				INFOPLIST_KEY_UIApplicationSupportsIndirectInputEvents = YES;
				INFOPLIST_KEY_UILaunchStoryboardName = LaunchScreen;
				INFOPLIST_KEY_UIMainStoryboardFile = "";
				INFOPLIST_KEY_UISupportedInterfaceOrientations_iPad = "UIInterfaceOrientationPortrait UIInterfaceOrientationPortraitUpsideDown UIInterfaceOrientationLandscapeLeft UIInterfaceOrientationLandscapeRight";
				INFOPLIST_KEY_UISupportedInterfaceOrientations_iPhone = "UIInterfaceOrientationPortrait UIInterfaceOrientationLandscapeLeft UIInterfaceOrientationLandscapeRight";
				LD_RUNPATH_SEARCH_PATHS = (
					"$(inherited)",
					"@executable_path/Frameworks",
				);
				MARKETING_VERSION = 1.0;
				PRODUCT_BUNDLE_IDENTIFIER = com.bola.Music;
				PRODUCT_NAME = "$(TARGET_NAME)";
				SWIFT_EMIT_LOC_STRINGS = YES;
				SWIFT_VERSION = 5.0;
				TARGETED_DEVICE_FAMILY = "1,2";
			};
			name = Debug;
		};
		83A8477F29EEE1230016833C /* Release */ = {
			isa = XCBuildConfiguration;
			buildSettings = {
				ASSETCATALOG_COMPILER_APPICON_NAME = AppIcon;
				ASSETCATALOG_COMPILER_GLOBAL_ACCENT_COLOR_NAME = AccentColor;
				CODE_SIGN_STYLE = Automatic;
				CURRENT_PROJECT_VERSION = 1;
				GENERATE_INFOPLIST_FILE = YES;
				INFOPLIST_FILE = Music/Info.plist;
				INFOPLIST_KEY_UIApplicationSupportsIndirectInputEvents = YES;
				INFOPLIST_KEY_UILaunchStoryboardName = LaunchScreen;
				INFOPLIST_KEY_UIMainStoryboardFile = "";
				INFOPLIST_KEY_UISupportedInterfaceOrientations_iPad = "UIInterfaceOrientationPortrait UIInterfaceOrientationPortraitUpsideDown UIInterfaceOrientationLandscapeLeft UIInterfaceOrientationLandscapeRight";
				INFOPLIST_KEY_UISupportedInterfaceOrientations_iPhone = "UIInterfaceOrientationPortrait UIInterfaceOrientationLandscapeLeft UIInterfaceOrientationLandscapeRight";
				LD_RUNPATH_SEARCH_PATHS = (
					"$(inherited)",
					"@executable_path/Frameworks",
				);
				MARKETING_VERSION = 1.0;
				PRODUCT_BUNDLE_IDENTIFIER = com.bola.Music;
				PRODUCT_NAME = "$(TARGET_NAME)";
				SWIFT_EMIT_LOC_STRINGS = YES;
				SWIFT_VERSION = 5.0;
				TARGETED_DEVICE_FAMILY = "1,2";
			};
			name = Release;
		};
		83A847AC29F00C9A0016833C /* Debug */ = {
			isa = XCBuildConfiguration;
			buildSettings = {
				BUNDLE_LOADER = "$(TEST_HOST)";
				CODE_SIGN_STYLE = Automatic;
				CURRENT_PROJECT_VERSION = 1;
				GENERATE_INFOPLIST_FILE = YES;
				MARKETING_VERSION = 1.0;
				PRODUCT_BUNDLE_IDENTIFIER = com.bola.MusicTests;
				PRODUCT_NAME = "$(TARGET_NAME)";
				SWIFT_EMIT_LOC_STRINGS = NO;
				SWIFT_VERSION = 5.0;
				TARGETED_DEVICE_FAMILY = "1,2";
				TEST_HOST = "$(BUILT_PRODUCTS_DIR)/Music.app/$(BUNDLE_EXECUTABLE_FOLDER_PATH)/Music";
			};
			name = Debug;
		};
		83A847AD29F00C9A0016833C /* Release */ = {
			isa = XCBuildConfiguration;
			buildSettings = {
				BUNDLE_LOADER = "$(TEST_HOST)";
				CODE_SIGN_STYLE = Automatic;
				CURRENT_PROJECT_VERSION = 1;
				GENERATE_INFOPLIST_FILE = YES;
				MARKETING_VERSION = 1.0;
				PRODUCT_BUNDLE_IDENTIFIER = com.bola.MusicTests;
				PRODUCT_NAME = "$(TARGET_NAME)";
				SWIFT_EMIT_LOC_STRINGS = NO;
				SWIFT_VERSION = 5.0;
				TARGETED_DEVICE_FAMILY = "1,2";
				TEST_HOST = "$(BUILT_PRODUCTS_DIR)/Music.app/$(BUNDLE_EXECUTABLE_FOLDER_PATH)/Music";
			};
			name = Release;
		};
/* End XCBuildConfiguration section */

/* Begin XCConfigurationList section */
		83A8476429EEE1210016833C /* Build configuration list for PBXProject "Music" */ = {
			isa = XCConfigurationList;
			buildConfigurations = (
				83A8477B29EEE1230016833C /* Debug */,
				83A8477C29EEE1230016833C /* Release */,
			);
			defaultConfigurationIsVisible = 0;
			defaultConfigurationName = Release;
		};
		83A8477D29EEE1230016833C /* Build configuration list for PBXNativeTarget "Music" */ = {
			isa = XCConfigurationList;
			buildConfigurations = (
				83A8477E29EEE1230016833C /* Debug */,
				83A8477F29EEE1230016833C /* Release */,
			);
			defaultConfigurationIsVisible = 0;
			defaultConfigurationName = Release;
		};
		83A847AE29F00C9A0016833C /* Build configuration list for PBXNativeTarget "MusicTests" */ = {
			isa = XCConfigurationList;
			buildConfigurations = (
				83A847AC29F00C9A0016833C /* Debug */,
				83A847AD29F00C9A0016833C /* Release */,
			);
			defaultConfigurationIsVisible = 0;
			defaultConfigurationName = Release;
		};
/* End XCConfigurationList section */
	};
	rootObject = 83A8476129EEE1210016833C /* Project object */;
}
